// !$*UTF8*$!
{
	archiveVersion = 1;
	classes = {
	};
	objectVersion = 56;
	objects = {

/* Begin PBXBuildFile section */
		C50FD39C2949FD63002FE673 /* AppDelegate.swift in Sources */ = {isa = PBXBuildFile; fileRef = C50FD39B2949FD63002FE673 /* AppDelegate.swift */; };
		C50FD39E2949FD63002FE673 /* SceneDelegate.swift in Sources */ = {isa = PBXBuildFile; fileRef = C50FD39D2949FD63002FE673 /* SceneDelegate.swift */; };
		C50FD3A02949FD63002FE673 /* HomeViewController.swift in Sources */ = {isa = PBXBuildFile; fileRef = C50FD39F2949FD63002FE673 /* HomeViewController.swift */; };
		C50FD3A52949FD64002FE673 /* Assets.xcassets in Resources */ = {isa = PBXBuildFile; fileRef = C50FD3A42949FD64002FE673 /* Assets.xcassets */; };
		C50FD3A82949FD64002FE673 /* LaunchScreen.storyboard in Resources */ = {isa = PBXBuildFile; fileRef = C50FD3A62949FD64002FE673 /* LaunchScreen.storyboard */; };
		C50FD3B32949FD64002FE673 /* MovieDBTests.swift in Sources */ = {isa = PBXBuildFile; fileRef = C50FD3B22949FD64002FE673 /* MovieDBTests.swift */; };
		C50FD3BD2949FD64002FE673 /* MovieDBUITests.swift in Sources */ = {isa = PBXBuildFile; fileRef = C50FD3BC2949FD64002FE673 /* MovieDBUITests.swift */; };
		C50FD3BF2949FD64002FE673 /* MovieDBUITestsLaunchTests.swift in Sources */ = {isa = PBXBuildFile; fileRef = C50FD3BE2949FD64002FE673 /* MovieDBUITestsLaunchTests.swift */; };
		C50FD3DE294A872E002FE673 /* Endpoint.swift in Sources */ = {isa = PBXBuildFile; fileRef = C50FD3D9294A872E002FE673 /* Endpoint.swift */; };
		C50FD3DF294A872E002FE673 /* RequestMethod.swift in Sources */ = {isa = PBXBuildFile; fileRef = C50FD3DA294A872E002FE673 /* RequestMethod.swift */; };
		C50FD3E0294A872E002FE673 /* NetworkError.swift in Sources */ = {isa = PBXBuildFile; fileRef = C50FD3DB294A872E002FE673 /* NetworkError.swift */; };
		C50FD3E1294A872E002FE673 /* ApiRequestService.swift in Sources */ = {isa = PBXBuildFile; fileRef = C50FD3DC294A872E002FE673 /* ApiRequestService.swift */; };
		C50FD3E2294A872E002FE673 /* MoviesEndpoint.swift in Sources */ = {isa = PBXBuildFile; fileRef = C50FD3DD294A872E002FE673 /* MoviesEndpoint.swift */; };
		C50FD3E5294A8788002FE673 /* TopRatedModel.swift in Sources */ = {isa = PBXBuildFile; fileRef = C50FD3E4294A8788002FE673 /* TopRatedModel.swift */; };
		C50FD3E7294A879B002FE673 /* MovieModel.swift in Sources */ = {isa = PBXBuildFile; fileRef = C50FD3E6294A879B002FE673 /* MovieModel.swift */; };
		C5626B26294B60770021F7C4 /* HomeInteractor.swift in Sources */ = {isa = PBXBuildFile; fileRef = C5626B25294B60770021F7C4 /* HomeInteractor.swift */; };
		C5626B29294B608C0021F7C4 /* HomePresenter.swift in Sources */ = {isa = PBXBuildFile; fileRef = C5626B28294B608C0021F7C4 /* HomePresenter.swift */; };
		C5626B2B294B609E0021F7C4 /* HomeFactory.swift in Sources */ = {isa = PBXBuildFile; fileRef = C5626B2A294B609E0021F7C4 /* HomeFactory.swift */; };
		C5626B2F294B66C40021F7C4 /* HomeService.swift in Sources */ = {isa = PBXBuildFile; fileRef = C5626B2E294B66C40021F7C4 /* HomeService.swift */; };
/* End PBXBuildFile section */

/* Begin PBXContainerItemProxy section */
		C50FD3AF2949FD64002FE673 /* PBXContainerItemProxy */ = {
			isa = PBXContainerItemProxy;
			containerPortal = C50FD3902949FD63002FE673 /* Project object */;
			proxyType = 1;
			remoteGlobalIDString = C50FD3972949FD63002FE673;
			remoteInfo = MovieDB;
		};
		C50FD3B92949FD64002FE673 /* PBXContainerItemProxy */ = {
			isa = PBXContainerItemProxy;
			containerPortal = C50FD3902949FD63002FE673 /* Project object */;
			proxyType = 1;
			remoteGlobalIDString = C50FD3972949FD63002FE673;
			remoteInfo = MovieDB;
		};
/* End PBXContainerItemProxy section */

/* Begin PBXFileReference section */
		C50FD3982949FD63002FE673 /* MovieDB.app */ = {isa = PBXFileReference; explicitFileType = wrapper.application; includeInIndex = 0; path = MovieDB.app; sourceTree = BUILT_PRODUCTS_DIR; };
		C50FD39B2949FD63002FE673 /* AppDelegate.swift */ = {isa = PBXFileReference; lastKnownFileType = sourcecode.swift; path = AppDelegate.swift; sourceTree = "<group>"; };
		C50FD39D2949FD63002FE673 /* SceneDelegate.swift */ = {isa = PBXFileReference; lastKnownFileType = sourcecode.swift; path = SceneDelegate.swift; sourceTree = "<group>"; };
		C50FD39F2949FD63002FE673 /* HomeViewController.swift */ = {isa = PBXFileReference; lastKnownFileType = sourcecode.swift; path = HomeViewController.swift; sourceTree = "<group>"; };
		C50FD3A42949FD64002FE673 /* Assets.xcassets */ = {isa = PBXFileReference; lastKnownFileType = folder.assetcatalog; path = Assets.xcassets; sourceTree = "<group>"; };
		C50FD3A72949FD64002FE673 /* Base */ = {isa = PBXFileReference; lastKnownFileType = file.storyboard; name = Base; path = Base.lproj/LaunchScreen.storyboard; sourceTree = "<group>"; };
		C50FD3A92949FD64002FE673 /* Info.plist */ = {isa = PBXFileReference; lastKnownFileType = text.plist.xml; path = Info.plist; sourceTree = "<group>"; };
		C50FD3AE2949FD64002FE673 /* MovieDBTests.xctest */ = {isa = PBXFileReference; explicitFileType = wrapper.cfbundle; includeInIndex = 0; path = MovieDBTests.xctest; sourceTree = BUILT_PRODUCTS_DIR; };
		C50FD3B22949FD64002FE673 /* MovieDBTests.swift */ = {isa = PBXFileReference; lastKnownFileType = sourcecode.swift; path = MovieDBTests.swift; sourceTree = "<group>"; };
		C50FD3B82949FD64002FE673 /* MovieDBUITests.xctest */ = {isa = PBXFileReference; explicitFileType = wrapper.cfbundle; includeInIndex = 0; path = MovieDBUITests.xctest; sourceTree = BUILT_PRODUCTS_DIR; };
		C50FD3BC2949FD64002FE673 /* MovieDBUITests.swift */ = {isa = PBXFileReference; lastKnownFileType = sourcecode.swift; path = MovieDBUITests.swift; sourceTree = "<group>"; };
		C50FD3BE2949FD64002FE673 /* MovieDBUITestsLaunchTests.swift */ = {isa = PBXFileReference; lastKnownFileType = sourcecode.swift; path = MovieDBUITestsLaunchTests.swift; sourceTree = "<group>"; };
		C50FD3D6294A7E5E002FE673 /* Config.xcconfig */ = {isa = PBXFileReference; lastKnownFileType = text.xcconfig; path = Config.xcconfig; sourceTree = "<group>"; };
		C50FD3D9294A872E002FE673 /* Endpoint.swift */ = {isa = PBXFileReference; fileEncoding = 4; lastKnownFileType = sourcecode.swift; path = Endpoint.swift; sourceTree = "<group>"; };
		C50FD3DA294A872E002FE673 /* RequestMethod.swift */ = {isa = PBXFileReference; fileEncoding = 4; lastKnownFileType = sourcecode.swift; path = RequestMethod.swift; sourceTree = "<group>"; };
		C50FD3DB294A872E002FE673 /* NetworkError.swift */ = {isa = PBXFileReference; fileEncoding = 4; lastKnownFileType = sourcecode.swift; path = NetworkError.swift; sourceTree = "<group>"; };
		C50FD3DC294A872E002FE673 /* ApiRequestService.swift */ = {isa = PBXFileReference; fileEncoding = 4; lastKnownFileType = sourcecode.swift; path = ApiRequestService.swift; sourceTree = "<group>"; };
		C50FD3DD294A872E002FE673 /* MoviesEndpoint.swift */ = {isa = PBXFileReference; fileEncoding = 4; lastKnownFileType = sourcecode.swift; path = MoviesEndpoint.swift; sourceTree = "<group>"; };
		C50FD3E4294A8788002FE673 /* TopRatedModel.swift */ = {isa = PBXFileReference; lastKnownFileType = sourcecode.swift; path = TopRatedModel.swift; sourceTree = "<group>"; };
		C50FD3E6294A879B002FE673 /* MovieModel.swift */ = {isa = PBXFileReference; lastKnownFileType = sourcecode.swift; path = MovieModel.swift; sourceTree = "<group>"; };
		C5626B25294B60770021F7C4 /* HomeInteractor.swift */ = {isa = PBXFileReference; lastKnownFileType = sourcecode.swift; path = HomeInteractor.swift; sourceTree = "<group>"; };
		C5626B28294B608C0021F7C4 /* HomePresenter.swift */ = {isa = PBXFileReference; lastKnownFileType = sourcecode.swift; path = HomePresenter.swift; sourceTree = "<group>"; };
		C5626B2A294B609E0021F7C4 /* HomeFactory.swift */ = {isa = PBXFileReference; lastKnownFileType = sourcecode.swift; path = HomeFactory.swift; sourceTree = "<group>"; };
		C5626B2E294B66C40021F7C4 /* HomeService.swift */ = {isa = PBXFileReference; lastKnownFileType = sourcecode.swift; path = HomeService.swift; sourceTree = "<group>"; };
/* End PBXFileReference section */

/* Begin PBXFrameworksBuildPhase section */
		C50FD3952949FD63002FE673 /* Frameworks */ = {
			isa = PBXFrameworksBuildPhase;
			buildActionMask = 2147483647;
			files = (
			);
			runOnlyForDeploymentPostprocessing = 0;
		};
		C50FD3AB2949FD64002FE673 /* Frameworks */ = {
			isa = PBXFrameworksBuildPhase;
			buildActionMask = 2147483647;
			files = (
			);
			runOnlyForDeploymentPostprocessing = 0;
		};
		C50FD3B52949FD64002FE673 /* Frameworks */ = {
			isa = PBXFrameworksBuildPhase;
			buildActionMask = 2147483647;
			files = (
			);
			runOnlyForDeploymentPostprocessing = 0;
		};
/* End PBXFrameworksBuildPhase section */

/* Begin PBXGroup section */
		C50FD38F2949FD63002FE673 = {
			isa = PBXGroup;
			children = (
				C50FD39A2949FD63002FE673 /* MovieDB */,
				C50FD3B12949FD64002FE673 /* MovieDBTests */,
				C50FD3BB2949FD64002FE673 /* MovieDBUITests */,
				C50FD3992949FD63002FE673 /* Products */,
			);
			sourceTree = "<group>";
		};
		C50FD3992949FD63002FE673 /* Products */ = {
			isa = PBXGroup;
			children = (
				C50FD3982949FD63002FE673 /* MovieDB.app */,
				C50FD3AE2949FD64002FE673 /* MovieDBTests.xctest */,
				C50FD3B82949FD64002FE673 /* MovieDBUITests.xctest */,
			);
			name = Products;
			sourceTree = "<group>";
		};
		C50FD39A2949FD63002FE673 /* MovieDB */ = {
			isa = PBXGroup;
			children = (
				C50FD3E3294A8774002FE673 /* Model */,
				C50FD3CB294A092C002FE673 /* Service */,
				C50FD3D8294A83F0002FE673 /* Scenes */,
				C50FD3D7294A83E2002FE673 /* AppDelegate */,
				C50FD3A42949FD64002FE673 /* Assets.xcassets */,
				C50FD3A62949FD64002FE673 /* LaunchScreen.storyboard */,
				C50FD3A92949FD64002FE673 /* Info.plist */,
				C50FD3D6294A7E5E002FE673 /* Config.xcconfig */,
			);
			path = MovieDB;
			sourceTree = "<group>";
		};
		C50FD3B12949FD64002FE673 /* MovieDBTests */ = {
			isa = PBXGroup;
			children = (
				C50FD3B22949FD64002FE673 /* MovieDBTests.swift */,
			);
			path = MovieDBTests;
			sourceTree = "<group>";
		};
		C50FD3BB2949FD64002FE673 /* MovieDBUITests */ = {
			isa = PBXGroup;
			children = (
				C50FD3BC2949FD64002FE673 /* MovieDBUITests.swift */,
				C50FD3BE2949FD64002FE673 /* MovieDBUITestsLaunchTests.swift */,
			);
			path = MovieDBUITests;
			sourceTree = "<group>";
		};
		C50FD3CB294A092C002FE673 /* Service */ = {
			isa = PBXGroup;
			children = (
				C50FD3DC294A872E002FE673 /* ApiRequestService.swift */,
				C50FD3D9294A872E002FE673 /* Endpoint.swift */,
				C50FD3DD294A872E002FE673 /* MoviesEndpoint.swift */,
				C50FD3DB294A872E002FE673 /* NetworkError.swift */,
				C50FD3DA294A872E002FE673 /* RequestMethod.swift */,
			);
			path = Service;
			sourceTree = "<group>";
		};
		C50FD3D7294A83E2002FE673 /* AppDelegate */ = {
			isa = PBXGroup;
			children = (
				C50FD39D2949FD63002FE673 /* SceneDelegate.swift */,
				C50FD39B2949FD63002FE673 /* AppDelegate.swift */,
			);
			path = AppDelegate;
			sourceTree = "<group>";
		};
		C50FD3D8294A83F0002FE673 /* Scenes */ = {
			isa = PBXGroup;
			children = (
				C5626B24294B60660021F7C4 /* Home */,
			);
			path = Scenes;
			sourceTree = "<group>";
		};
		C50FD3E3294A8774002FE673 /* Model */ = {
			isa = PBXGroup;
			children = (
				C50FD3E4294A8788002FE673 /* TopRatedModel.swift */,
				C50FD3E6294A879B002FE673 /* MovieModel.swift */,
			);
			path = Model;
			sourceTree = "<group>";
		};
		C5626B24294B60660021F7C4 /* Home */ = {
			isa = PBXGroup;
			children = (
				C50FD39F2949FD63002FE673 /* HomeViewController.swift */,
				C5626B25294B60770021F7C4 /* HomeInteractor.swift */,
				C5626B28294B608C0021F7C4 /* HomePresenter.swift */,
				C5626B2A294B609E0021F7C4 /* HomeFactory.swift */,
				C5626B2E294B66C40021F7C4 /* HomeService.swift */,
			);
			path = Home;
			sourceTree = "<group>";
		};
/* End PBXGroup section */

/* Begin PBXNativeTarget section */
		C50FD3972949FD63002FE673 /* MovieDB */ = {
			isa = PBXNativeTarget;
			buildConfigurationList = C50FD3C22949FD64002FE673 /* Build configuration list for PBXNativeTarget "MovieDB" */;
			buildPhases = (
				C50FD3942949FD63002FE673 /* Sources */,
				C50FD3952949FD63002FE673 /* Frameworks */,
				C50FD3962949FD63002FE673 /* Resources */,
			);
			buildRules = (
			);
			dependencies = (
			);
			name = MovieDB;
			productName = MovieDB;
			productReference = C50FD3982949FD63002FE673 /* MovieDB.app */;
			productType = "com.apple.product-type.application";
		};
		C50FD3AD2949FD64002FE673 /* MovieDBTests */ = {
			isa = PBXNativeTarget;
			buildConfigurationList = C50FD3C52949FD64002FE673 /* Build configuration list for PBXNativeTarget "MovieDBTests" */;
			buildPhases = (
				C50FD3AA2949FD64002FE673 /* Sources */,
				C50FD3AB2949FD64002FE673 /* Frameworks */,
				C50FD3AC2949FD64002FE673 /* Resources */,
			);
			buildRules = (
			);
			dependencies = (
				C50FD3B02949FD64002FE673 /* PBXTargetDependency */,
			);
			name = MovieDBTests;
			productName = MovieDBTests;
			productReference = C50FD3AE2949FD64002FE673 /* MovieDBTests.xctest */;
			productType = "com.apple.product-type.bundle.unit-test";
		};
		C50FD3B72949FD64002FE673 /* MovieDBUITests */ = {
			isa = PBXNativeTarget;
			buildConfigurationList = C50FD3C82949FD64002FE673 /* Build configuration list for PBXNativeTarget "MovieDBUITests" */;
			buildPhases = (
				C50FD3B42949FD64002FE673 /* Sources */,
				C50FD3B52949FD64002FE673 /* Frameworks */,
				C50FD3B62949FD64002FE673 /* Resources */,
			);
			buildRules = (
			);
			dependencies = (
				C50FD3BA2949FD64002FE673 /* PBXTargetDependency */,
			);
			name = MovieDBUITests;
			productName = MovieDBUITests;
			productReference = C50FD3B82949FD64002FE673 /* MovieDBUITests.xctest */;
			productType = "com.apple.product-type.bundle.ui-testing";
		};
/* End PBXNativeTarget section */

/* Begin PBXProject section */
		C50FD3902949FD63002FE673 /* Project object */ = {
			isa = PBXProject;
			attributes = {
				BuildIndependentTargetsInParallel = 1;
				LastSwiftUpdateCheck = 1410;
				LastUpgradeCheck = 1410;
				TargetAttributes = {
					C50FD3972949FD63002FE673 = {
						CreatedOnToolsVersion = 14.1;
					};
					C50FD3AD2949FD64002FE673 = {
						CreatedOnToolsVersion = 14.1;
						TestTargetID = C50FD3972949FD63002FE673;
					};
					C50FD3B72949FD64002FE673 = {
						CreatedOnToolsVersion = 14.1;
						TestTargetID = C50FD3972949FD63002FE673;
					};
				};
			};
			buildConfigurationList = C50FD3932949FD63002FE673 /* Build configuration list for PBXProject "MovieDB" */;
			compatibilityVersion = "Xcode 14.0";
			developmentRegion = en;
			hasScannedForEncodings = 0;
			knownRegions = (
				en,
				Base,
			);
			mainGroup = C50FD38F2949FD63002FE673;
			productRefGroup = C50FD3992949FD63002FE673 /* Products */;
			projectDirPath = "";
			projectRoot = "";
			targets = (
				C50FD3972949FD63002FE673 /* MovieDB */,
				C50FD3AD2949FD64002FE673 /* MovieDBTests */,
				C50FD3B72949FD64002FE673 /* MovieDBUITests */,
			);
		};
/* End PBXProject section */

/* Begin PBXResourcesBuildPhase section */
		C50FD3962949FD63002FE673 /* Resources */ = {
			isa = PBXResourcesBuildPhase;
			buildActionMask = 2147483647;
			files = (
				C50FD3A82949FD64002FE673 /* LaunchScreen.storyboard in Resources */,
				C50FD3A52949FD64002FE673 /* Assets.xcassets in Resources */,
			);
			runOnlyForDeploymentPostprocessing = 0;
		};
		C50FD3AC2949FD64002FE673 /* Resources */ = {
			isa = PBXResourcesBuildPhase;
			buildActionMask = 2147483647;
			files = (
			);
			runOnlyForDeploymentPostprocessing = 0;
		};
		C50FD3B62949FD64002FE673 /* Resources */ = {
			isa = PBXResourcesBuildPhase;
			buildActionMask = 2147483647;
			files = (
			);
			runOnlyForDeploymentPostprocessing = 0;
		};
/* End PBXResourcesBuildPhase section */

/* Begin PBXSourcesBuildPhase section */
		C50FD3942949FD63002FE673 /* Sources */ = {
			isa = PBXSourcesBuildPhase;
			buildActionMask = 2147483647;
			files = (
				C5626B2F294B66C40021F7C4 /* HomeService.swift in Sources */,
				C50FD3A02949FD63002FE673 /* HomeViewController.swift in Sources */,
				C5626B26294B60770021F7C4 /* HomeInteractor.swift in Sources */,
				C50FD3DE294A872E002FE673 /* Endpoint.swift in Sources */,
				C5626B29294B608C0021F7C4 /* HomePresenter.swift in Sources */,
				C50FD3E7294A879B002FE673 /* MovieModel.swift in Sources */,
				C50FD3E1294A872E002FE673 /* ApiRequestService.swift in Sources */,
				C50FD39C2949FD63002FE673 /* AppDelegate.swift in Sources */,
				C50FD39E2949FD63002FE673 /* SceneDelegate.swift in Sources */,
				C50FD3DF294A872E002FE673 /* RequestMethod.swift in Sources */,
				C50FD3E5294A8788002FE673 /* TopRatedModel.swift in Sources */,
				C5626B2B294B609E0021F7C4 /* HomeFactory.swift in Sources */,
				C50FD3E0294A872E002FE673 /* NetworkError.swift in Sources */,
				C50FD3E2294A872E002FE673 /* MoviesEndpoint.swift in Sources */,
			);
			runOnlyForDeploymentPostprocessing = 0;
		};
		C50FD3AA2949FD64002FE673 /* Sources */ = {
			isa = PBXSourcesBuildPhase;
			buildActionMask = 2147483647;
			files = (
				C50FD3B32949FD64002FE673 /* MovieDBTests.swift in Sources */,
			);
			runOnlyForDeploymentPostprocessing = 0;
		};
		C50FD3B42949FD64002FE673 /* Sources */ = {
			isa = PBXSourcesBuildPhase;
			buildActionMask = 2147483647;
			files = (
				C50FD3BD2949FD64002FE673 /* MovieDBUITests.swift in Sources */,
				C50FD3BF2949FD64002FE673 /* MovieDBUITestsLaunchTests.swift in Sources */,
			);
			runOnlyForDeploymentPostprocessing = 0;
		};
/* End PBXSourcesBuildPhase section */

/* Begin PBXTargetDependency section */
		C50FD3B02949FD64002FE673 /* PBXTargetDependency */ = {
			isa = PBXTargetDependency;
			target = C50FD3972949FD63002FE673 /* MovieDB */;
			targetProxy = C50FD3AF2949FD64002FE673 /* PBXContainerItemProxy */;
		};
		C50FD3BA2949FD64002FE673 /* PBXTargetDependency */ = {
			isa = PBXTargetDependency;
			target = C50FD3972949FD63002FE673 /* MovieDB */;
			targetProxy = C50FD3B92949FD64002FE673 /* PBXContainerItemProxy */;
		};
/* End PBXTargetDependency section */

/* Begin PBXVariantGroup section */
		C50FD3A62949FD64002FE673 /* LaunchScreen.storyboard */ = {
			isa = PBXVariantGroup;
			children = (
				C50FD3A72949FD64002FE673 /* Base */,
			);
			name = LaunchScreen.storyboard;
			sourceTree = "<group>";
		};
/* End PBXVariantGroup section */

/* Begin XCBuildConfiguration section */
		C50FD3C02949FD64002FE673 /* Debug */ = {
			isa = XCBuildConfiguration;
			baseConfigurationReference = C50FD3D6294A7E5E002FE673 /* Config.xcconfig */;
			buildSettings = {
				ALWAYS_SEARCH_USER_PATHS = NO;
				CLANG_ANALYZER_NONNULL = YES;
				CLANG_ANALYZER_NUMBER_OBJECT_CONVERSION = YES_AGGRESSIVE;
				CLANG_CXX_LANGUAGE_STANDARD = "gnu++20";
				CLANG_ENABLE_MODULES = YES;
				CLANG_ENABLE_OBJC_ARC = YES;
				CLANG_ENABLE_OBJC_WEAK = YES;
				CLANG_WARN_BLOCK_CAPTURE_AUTORELEASING = YES;
				CLANG_WARN_BOOL_CONVERSION = YES;
				CLANG_WARN_COMMA = YES;
				CLANG_WARN_CONSTANT_CONVERSION = YES;
				CLANG_WARN_DEPRECATED_OBJC_IMPLEMENTATIONS = YES;
				CLANG_WARN_DIRECT_OBJC_ISA_USAGE = YES_ERROR;
				CLANG_WARN_DOCUMENTATION_COMMENTS = YES;
				CLANG_WARN_EMPTY_BODY = YES;
				CLANG_WARN_ENUM_CONVERSION = YES;
				CLANG_WARN_INFINITE_RECURSION = YES;
				CLANG_WARN_INT_CONVERSION = YES;
				CLANG_WARN_NON_LITERAL_NULL_CONVERSION = YES;
				CLANG_WARN_OBJC_IMPLICIT_RETAIN_SELF = YES;
				CLANG_WARN_OBJC_LITERAL_CONVERSION = YES;
				CLANG_WARN_OBJC_ROOT_CLASS = YES_ERROR;
				CLANG_WARN_QUOTED_INCLUDE_IN_FRAMEWORK_HEADER = YES;
				CLANG_WARN_RANGE_LOOP_ANALYSIS = YES;
				CLANG_WARN_STRICT_PROTOTYPES = YES;
				CLANG_WARN_SUSPICIOUS_MOVE = YES;
				CLANG_WARN_UNGUARDED_AVAILABILITY = YES_AGGRESSIVE;
				CLANG_WARN_UNREACHABLE_CODE = YES;
				CLANG_WARN__DUPLICATE_METHOD_MATCH = YES;
				COPY_PHASE_STRIP = NO;
				DEBUG_INFORMATION_FORMAT = dwarf;
				ENABLE_STRICT_OBJC_MSGSEND = YES;
				ENABLE_TESTABILITY = YES;
				GCC_C_LANGUAGE_STANDARD = gnu11;
				GCC_DYNAMIC_NO_PIC = NO;
				GCC_NO_COMMON_BLOCKS = YES;
				GCC_OPTIMIZATION_LEVEL = 0;
				GCC_PREPROCESSOR_DEFINITIONS = (
					"DEBUG=1",
					"$(inherited)",
				);
				GCC_WARN_64_TO_32_BIT_CONVERSION = YES;
				GCC_WARN_ABOUT_RETURN_TYPE = YES_ERROR;
				GCC_WARN_UNDECLARED_SELECTOR = YES;
				GCC_WARN_UNINITIALIZED_AUTOS = YES_AGGRESSIVE;
				GCC_WARN_UNUSED_FUNCTION = YES;
				GCC_WARN_UNUSED_VARIABLE = YES;
				IPHONEOS_DEPLOYMENT_TARGET = 16.1;
				MTL_ENABLE_DEBUG_INFO = INCLUDE_SOURCE;
				MTL_FAST_MATH = YES;
				ONLY_ACTIVE_ARCH = YES;
				SDKROOT = iphoneos;
				SWIFT_ACTIVE_COMPILATION_CONDITIONS = DEBUG;
				SWIFT_OPTIMIZATION_LEVEL = "-Onone";
			};
			name = Debug;
		};
		C50FD3C12949FD64002FE673 /* Release */ = {
			isa = XCBuildConfiguration;
			baseConfigurationReference = C50FD3D6294A7E5E002FE673 /* Config.xcconfig */;
			buildSettings = {
				ALWAYS_SEARCH_USER_PATHS = NO;
				CLANG_ANALYZER_NONNULL = YES;
				CLANG_ANALYZER_NUMBER_OBJECT_CONVERSION = YES_AGGRESSIVE;
				CLANG_CXX_LANGUAGE_STANDARD = "gnu++20";
				CLANG_ENABLE_MODULES = YES;
				CLANG_ENABLE_OBJC_ARC = YES;
				CLANG_ENABLE_OBJC_WEAK = YES;
				CLANG_WARN_BLOCK_CAPTURE_AUTORELEASING = YES;
				CLANG_WARN_BOOL_CONVERSION = YES;
				CLANG_WARN_COMMA = YES;
				CLANG_WARN_CONSTANT_CONVERSION = YES;
				CLANG_WARN_DEPRECATED_OBJC_IMPLEMENTATIONS = YES;
				CLANG_WARN_DIRECT_OBJC_ISA_USAGE = YES_ERROR;
				CLANG_WARN_DOCUMENTATION_COMMENTS = YES;
				CLANG_WARN_EMPTY_BODY = YES;
				CLANG_WARN_ENUM_CONVERSION = YES;
				CLANG_WARN_INFINITE_RECURSION = YES;
				CLANG_WARN_INT_CONVERSION = YES;
				CLANG_WARN_NON_LITERAL_NULL_CONVERSION = YES;
				CLANG_WARN_OBJC_IMPLICIT_RETAIN_SELF = YES;
				CLANG_WARN_OBJC_LITERAL_CONVERSION = YES;
				CLANG_WARN_OBJC_ROOT_CLASS = YES_ERROR;
				CLANG_WARN_QUOTED_INCLUDE_IN_FRAMEWORK_HEADER = YES;
				CLANG_WARN_RANGE_LOOP_ANALYSIS = YES;
				CLANG_WARN_STRICT_PROTOTYPES = YES;
				CLANG_WARN_SUSPICIOUS_MOVE = YES;
				CLANG_WARN_UNGUARDED_AVAILABILITY = YES_AGGRESSIVE;
				CLANG_WARN_UNREACHABLE_CODE = YES;
				CLANG_WARN__DUPLICATE_METHOD_MATCH = YES;
				COPY_PHASE_STRIP = NO;
				DEBUG_INFORMATION_FORMAT = "dwarf-with-dsym";
				ENABLE_NS_ASSERTIONS = NO;
				ENABLE_STRICT_OBJC_MSGSEND = YES;
				GCC_C_LANGUAGE_STANDARD = gnu11;
				GCC_NO_COMMON_BLOCKS = YES;
				GCC_WARN_64_TO_32_BIT_CONVERSION = YES;
				GCC_WARN_ABOUT_RETURN_TYPE = YES_ERROR;
				GCC_WARN_UNDECLARED_SELECTOR = YES;
				GCC_WARN_UNINITIALIZED_AUTOS = YES_AGGRESSIVE;
				GCC_WARN_UNUSED_FUNCTION = YES;
				GCC_WARN_UNUSED_VARIABLE = YES;
				IPHONEOS_DEPLOYMENT_TARGET = 16.1;
				MTL_ENABLE_DEBUG_INFO = NO;
				MTL_FAST_MATH = YES;
				SDKROOT = iphoneos;
				SWIFT_COMPILATION_MODE = wholemodule;
				SWIFT_OPTIMIZATION_LEVEL = "-O";
				VALIDATE_PRODUCT = YES;
			};
			name = Release;
		};
		C50FD3C32949FD64002FE673 /* Debug */ = {
			isa = XCBuildConfiguration;
			buildSettings = {
				ASSETCATALOG_COMPILER_APPICON_NAME = AppIcon;
				ASSETCATALOG_COMPILER_GLOBAL_ACCENT_COLOR_NAME = AccentColor;
				CODE_SIGN_STYLE = Automatic;
				CURRENT_PROJECT_VERSION = 1;
				DEVELOPMENT_TEAM = WKN62NB674;
				GENERATE_INFOPLIST_FILE = YES;
				INFOPLIST_FILE = MovieDB/Info.plist;
				INFOPLIST_KEY_UIApplicationSupportsIndirectInputEvents = YES;
				INFOPLIST_KEY_UILaunchStoryboardName = LaunchScreen;
				INFOPLIST_KEY_UISupportedInterfaceOrientations_iPad = "UIInterfaceOrientationPortrait UIInterfaceOrientationPortraitUpsideDown UIInterfaceOrientationLandscapeLeft UIInterfaceOrientationLandscapeRight";
				INFOPLIST_KEY_UISupportedInterfaceOrientations_iPhone = "UIInterfaceOrientationPortrait UIInterfaceOrientationLandscapeLeft UIInterfaceOrientationLandscapeRight";
				IPHONEOS_DEPLOYMENT_TARGET = 15.0;
				LD_RUNPATH_SEARCH_PATHS = (
					"$(inherited)",
					"@executable_path/Frameworks",
				);
				MARKETING_VERSION = 1.0;
				PRODUCT_BUNDLE_IDENTIFIER = pesssoal.MovieDB;
				PRODUCT_NAME = "$(TARGET_NAME)";
				SWIFT_EMIT_LOC_STRINGS = YES;
				SWIFT_VERSION = 5.0;
				TARGETED_DEVICE_FAMILY = "1,2";
			};
			name = Debug;
		};
		C50FD3C42949FD64002FE673 /* Release */ = {
			isa = XCBuildConfiguration;
			buildSettings = {
				ASSETCATALOG_COMPILER_APPICON_NAME = AppIcon;
				ASSETCATALOG_COMPILER_GLOBAL_ACCENT_COLOR_NAME = AccentColor;
				CODE_SIGN_STYLE = Automatic;
				CURRENT_PROJECT_VERSION = 1;
				DEVELOPMENT_TEAM = WKN62NB674;
				GENERATE_INFOPLIST_FILE = YES;
				INFOPLIST_FILE = MovieDB/Info.plist;
				INFOPLIST_KEY_UIApplicationSupportsIndirectInputEvents = YES;
				INFOPLIST_KEY_UILaunchStoryboardName = LaunchScreen;
				INFOPLIST_KEY_UISupportedInterfaceOrientations_iPad = "UIInterfaceOrientationPortrait UIInterfaceOrientationPortraitUpsideDown UIInterfaceOrientationLandscapeLeft UIInterfaceOrientationLandscapeRight";
				INFOPLIST_KEY_UISupportedInterfaceOrientations_iPhone = "UIInterfaceOrientationPortrait UIInterfaceOrientationLandscapeLeft UIInterfaceOrientationLandscapeRight";
				IPHONEOS_DEPLOYMENT_TARGET = 15.0;
				LD_RUNPATH_SEARCH_PATHS = (
					"$(inherited)",
					"@executable_path/Frameworks",
				);
				MARKETING_VERSION = 1.0;
				PRODUCT_BUNDLE_IDENTIFIER = pesssoal.MovieDB;
				PRODUCT_NAME = "$(TARGET_NAME)";
				SWIFT_EMIT_LOC_STRINGS = YES;
				SWIFT_VERSION = 5.0;
				TARGETED_DEVICE_FAMILY = "1,2";
			};
			name = Release;
		};
		C50FD3C62949FD64002FE673 /* Debug */ = {
			isa = XCBuildConfiguration;
			buildSettings = {
				ALWAYS_EMBED_SWIFT_STANDARD_LIBRARIES = YES;
				BUNDLE_LOADER = "$(TEST_HOST)";
				CODE_SIGN_STYLE = Automatic;
				CURRENT_PROJECT_VERSION = 1;
				DEVELOPMENT_TEAM = WKN62NB674;
				GENERATE_INFOPLIST_FILE = YES;
				IPHONEOS_DEPLOYMENT_TARGET = 16.1;
				MARKETING_VERSION = 1.0;
				PRODUCT_BUNDLE_IDENTIFIER = pesssoal.MovieDBTests;
				PRODUCT_NAME = "$(TARGET_NAME)";
				SWIFT_EMIT_LOC_STRINGS = NO;
				SWIFT_VERSION = 5.0;
				TARGETED_DEVICE_FAMILY = "1,2";
				TEST_HOST = "$(BUILT_PRODUCTS_DIR)/MovieDB.app/$(BUNDLE_EXECUTABLE_FOLDER_PATH)/MovieDB";
			};
			name = Debug;
		};
		C50FD3C72949FD64002FE673 /* Release */ = {
			isa = XCBuildConfiguration;
			buildSettings = {
				ALWAYS_EMBED_SWIFT_STANDARD_LIBRARIES = YES;
				BUNDLE_LOADER = "$(TEST_HOST)";
				CODE_SIGN_STYLE = Automatic;
				CURRENT_PROJECT_VERSION = 1;
				DEVELOPMENT_TEAM = WKN62NB674;
				GENERATE_INFOPLIST_FILE = YES;
				IPHONEOS_DEPLOYMENT_TARGET = 16.1;
				MARKETING_VERSION = 1.0;
				PRODUCT_BUNDLE_IDENTIFIER = pesssoal.MovieDBTests;
				PRODUCT_NAME = "$(TARGET_NAME)";
				SWIFT_EMIT_LOC_STRINGS = NO;
				SWIFT_VERSION = 5.0;
				TARGETED_DEVICE_FAMILY = "1,2";
				TEST_HOST = "$(BUILT_PRODUCTS_DIR)/MovieDB.app/$(BUNDLE_EXECUTABLE_FOLDER_PATH)/MovieDB";
			};
			name = Release;
		};
		C50FD3C92949FD64002FE673 /* Debug */ = {
			isa = XCBuildConfiguration;
			buildSettings = {
				ALWAYS_EMBED_SWIFT_STANDARD_LIBRARIES = YES;
				CODE_SIGN_STYLE = Automatic;
				CURRENT_PROJECT_VERSION = 1;
				DEVELOPMENT_TEAM = WKN62NB674;
				GENERATE_INFOPLIST_FILE = YES;
				MARKETING_VERSION = 1.0;
				PRODUCT_BUNDLE_IDENTIFIER = pesssoal.MovieDBUITests;
				PRODUCT_NAME = "$(TARGET_NAME)";
				SWIFT_EMIT_LOC_STRINGS = NO;
				SWIFT_VERSION = 5.0;
				TARGETED_DEVICE_FAMILY = "1,2";
				TEST_TARGET_NAME = MovieDB;
			};
			name = Debug;
		};
		C50FD3CA2949FD64002FE673 /* Release */ = {
			isa = XCBuildConfiguration;
			buildSettings = {
				ALWAYS_EMBED_SWIFT_STANDARD_LIBRARIES = YES;
				CODE_SIGN_STYLE = Automatic;
				CURRENT_PROJECT_VERSION = 1;
				DEVELOPMENT_TEAM = WKN62NB674;
				GENERATE_INFOPLIST_FILE = YES;
				MARKETING_VERSION = 1.0;
				PRODUCT_BUNDLE_IDENTIFIER = pesssoal.MovieDBUITests;
				PRODUCT_NAME = "$(TARGET_NAME)";
				SWIFT_EMIT_LOC_STRINGS = NO;
				SWIFT_VERSION = 5.0;
				TARGETED_DEVICE_FAMILY = "1,2";
				TEST_TARGET_NAME = MovieDB;
			};
			name = Release;
		};
/* End XCBuildConfiguration section */

/* Begin XCConfigurationList section */
		C50FD3932949FD63002FE673 /* Build configuration list for PBXProject "MovieDB" */ = {
			isa = XCConfigurationList;
			buildConfigurations = (
				C50FD3C02949FD64002FE673 /* Debug */,
				C50FD3C12949FD64002FE673 /* Release */,
			);
			defaultConfigurationIsVisible = 0;
			defaultConfigurationName = Release;
		};
		C50FD3C22949FD64002FE673 /* Build configuration list for PBXNativeTarget "MovieDB" */ = {
			isa = XCConfigurationList;
			buildConfigurations = (
				C50FD3C32949FD64002FE673 /* Debug */,
				C50FD3C42949FD64002FE673 /* Release */,
			);
			defaultConfigurationIsVisible = 0;
			defaultConfigurationName = Release;
		};
		C50FD3C52949FD64002FE673 /* Build configuration list for PBXNativeTarget "MovieDBTests" */ = {
			isa = XCConfigurationList;
			buildConfigurations = (
				C50FD3C62949FD64002FE673 /* Debug */,
				C50FD3C72949FD64002FE673 /* Release */,
			);
			defaultConfigurationIsVisible = 0;
			defaultConfigurationName = Release;
		};
		C50FD3C82949FD64002FE673 /* Build configuration list for PBXNativeTarget "MovieDBUITests" */ = {
			isa = XCConfigurationList;
			buildConfigurations = (
				C50FD3C92949FD64002FE673 /* Debug */,
				C50FD3CA2949FD64002FE673 /* Release */,
			);
			defaultConfigurationIsVisible = 0;
			defaultConfigurationName = Release;
		};
/* End XCConfigurationList section */
	};
	rootObject = C50FD3902949FD63002FE673 /* Project object */;
}
